// !$*UTF8*$!
{
	archiveVersion = 1;
	classes = {
	};
	objectVersion = 50;
	objects = {

/* Begin PBXBuildFile section */
		53697747249643AD00109949 /* AppDelegate.swift in Sources */ = {isa = PBXBuildFile; fileRef = 53697746249643AD00109949 /* AppDelegate.swift */; };
		53697749249643AD00109949 /* SceneDelegate.swift in Sources */ = {isa = PBXBuildFile; fileRef = 53697748249643AD00109949 /* SceneDelegate.swift */; };
		5369774B249643AD00109949 /* ViewController.swift in Sources */ = {isa = PBXBuildFile; fileRef = 5369774A249643AD00109949 /* ViewController.swift */; };
		5369774E249643AD00109949 /* Main.storyboard in Resources */ = {isa = PBXBuildFile; fileRef = 5369774C249643AD00109949 /* Main.storyboard */; };
		53697751249643AD00109949 /* Logger1.xcdatamodeld in Sources */ = {isa = PBXBuildFile; fileRef = 5369774F249643AD00109949 /* Logger1.xcdatamodeld */; };
		53697753249643AF00109949 /* Assets.xcassets in Resources */ = {isa = PBXBuildFile; fileRef = 53697752249643AF00109949 /* Assets.xcassets */; };
		53697756249643AF00109949 /* LaunchScreen.storyboard in Resources */ = {isa = PBXBuildFile; fileRef = 53697754249643AF00109949 /* LaunchScreen.storyboard */; };
		53697761249643B000109949 /* Logger1Tests.swift in Sources */ = {isa = PBXBuildFile; fileRef = 53697760249643B000109949 /* Logger1Tests.swift */; };
		5369776C249643B000109949 /* Logger1UITests.swift in Sources */ = {isa = PBXBuildFile; fileRef = 5369776B249643B000109949 /* Logger1UITests.swift */; };
		5369777C249643D000109949 /* PrefixLogger.swift in Sources */ = {isa = PBXBuildFile; fileRef = 5369777B249643D000109949 /* PrefixLogger.swift */; };
		5369777F249643FD00109949 /* PrefixLoggerImpl.swift in Sources */ = {isa = PBXBuildFile; fileRef = 5369777E249643FD00109949 /* PrefixLoggerImpl.swift */; };
/* End PBXBuildFile section */

/* Begin PBXContainerItemProxy section */
		5369775D249643B000109949 /* PBXContainerItemProxy */ = {
			isa = PBXContainerItemProxy;
			containerPortal = 5369773B249643AD00109949 /* Project object */;
			proxyType = 1;
			remoteGlobalIDString = 53697742249643AD00109949;
			remoteInfo = Logger1;
		};
		53697768249643B000109949 /* PBXContainerItemProxy */ = {
			isa = PBXContainerItemProxy;
			containerPortal = 5369773B249643AD00109949 /* Project object */;
			proxyType = 1;
			remoteGlobalIDString = 53697742249643AD00109949;
			remoteInfo = Logger1;
		};
/* End PBXContainerItemProxy section */

/* Begin PBXFileReference section */
		53697743249643AD00109949 /* Logger1.app */ = {isa = PBXFileReference; explicitFileType = wrapper.application; includeInIndex = 0; path = Logger1.app; sourceTree = BUILT_PRODUCTS_DIR; };
		53697746249643AD00109949 /* AppDelegate.swift */ = {isa = PBXFileReference; lastKnownFileType = sourcecode.swift; path = AppDelegate.swift; sourceTree = "<group>"; };
		53697748249643AD00109949 /* SceneDelegate.swift */ = {isa = PBXFileReference; lastKnownFileType = sourcecode.swift; path = SceneDelegate.swift; sourceTree = "<group>"; };
		5369774A249643AD00109949 /* ViewController.swift */ = {isa = PBXFileReference; lastKnownFileType = sourcecode.swift; path = ViewController.swift; sourceTree = "<group>"; };
		5369774D249643AD00109949 /* Base */ = {isa = PBXFileReference; lastKnownFileType = file.storyboard; name = Base; path = Base.lproj/Main.storyboard; sourceTree = "<group>"; };
		53697750249643AD00109949 /* Logger1.xcdatamodel */ = {isa = PBXFileReference; lastKnownFileType = wrapper.xcdatamodel; path = Logger1.xcdatamodel; sourceTree = "<group>"; };
		53697752249643AF00109949 /* Assets.xcassets */ = {isa = PBXFileReference; lastKnownFileType = folder.assetcatalog; path = Assets.xcassets; sourceTree = "<group>"; };
		53697755249643AF00109949 /* Base */ = {isa = PBXFileReference; lastKnownFileType = file.storyboard; name = Base; path = Base.lproj/LaunchScreen.storyboard; sourceTree = "<group>"; };
		53697757249643AF00109949 /* Info.plist */ = {isa = PBXFileReference; lastKnownFileType = text.plist.xml; path = Info.plist; sourceTree = "<group>"; };
		5369775C249643B000109949 /* Logger1Tests.xctest */ = {isa = PBXFileReference; explicitFileType = wrapper.cfbundle; includeInIndex = 0; path = Logger1Tests.xctest; sourceTree = BUILT_PRODUCTS_DIR; };
		53697760249643B000109949 /* Logger1Tests.swift */ = {isa = PBXFileReference; lastKnownFileType = sourcecode.swift; path = Logger1Tests.swift; sourceTree = "<group>"; };
		53697762249643B000109949 /* Info.plist */ = {isa = PBXFileReference; lastKnownFileType = text.plist.xml; path = Info.plist; sourceTree = "<group>"; };
		53697767249643B000109949 /* Logger1UITests.xctest */ = {isa = PBXFileReference; explicitFileType = wrapper.cfbundle; includeInIndex = 0; path = Logger1UITests.xctest; sourceTree = BUILT_PRODUCTS_DIR; };
		5369776B249643B000109949 /* Logger1UITests.swift */ = {isa = PBXFileReference; lastKnownFileType = sourcecode.swift; path = Logger1UITests.swift; sourceTree = "<group>"; };
		5369776D249643B000109949 /* Info.plist */ = {isa = PBXFileReference; lastKnownFileType = text.plist.xml; path = Info.plist; sourceTree = "<group>"; };
		5369777B249643D000109949 /* PrefixLogger.swift */ = {isa = PBXFileReference; lastKnownFileType = sourcecode.swift; path = PrefixLogger.swift; sourceTree = "<group>"; };
		5369777E249643FD00109949 /* PrefixLoggerImpl.swift */ = {isa = PBXFileReference; lastKnownFileType = sourcecode.swift; path = PrefixLoggerImpl.swift; sourceTree = "<group>"; };
/* End PBXFileReference section */

/* Begin PBXFrameworksBuildPhase section */
		53697740249643AD00109949 /* Frameworks */ = {
			isa = PBXFrameworksBuildPhase;
			buildActionMask = 2147483647;
			files = (
			);
			runOnlyForDeploymentPostprocessing = 0;
		};
		53697759249643B000109949 /* Frameworks */ = {
			isa = PBXFrameworksBuildPhase;
			buildActionMask = 2147483647;
			files = (
			);
			runOnlyForDeploymentPostprocessing = 0;
		};
		53697764249643B000109949 /* Frameworks */ = {
			isa = PBXFrameworksBuildPhase;
			buildActionMask = 2147483647;
			files = (
			);
			runOnlyForDeploymentPostprocessing = 0;
		};
/* End PBXFrameworksBuildPhase section */

/* Begin PBXGroup section */
		5369773A249643AD00109949 = {
			isa = PBXGroup;
			children = (
				53697745249643AD00109949 /* Logger1 */,
				5369775F249643B000109949 /* Logger1Tests */,
				5369776A249643B000109949 /* Logger1UITests */,
				53697744249643AD00109949 /* Products */,
			);
			sourceTree = "<group>";
		};
		53697744249643AD00109949 /* Products */ = {
			isa = PBXGroup;
			children = (
				53697743249643AD00109949 /* Logger1.app */,
				5369775C249643B000109949 /* Logger1Tests.xctest */,
				53697767249643B000109949 /* Logger1UITests.xctest */,
			);
			name = Products;
			sourceTree = "<group>";
		};
		53697745249643AD00109949 /* Logger1 */ = {
			isa = PBXGroup;
			children = (
				53697779249643B700109949 /* Classes */,
				53697746249643AD00109949 /* AppDelegate.swift */,
				53697748249643AD00109949 /* SceneDelegate.swift */,
				5369774A249643AD00109949 /* ViewController.swift */,
				5369774C249643AD00109949 /* Main.storyboard */,
				53697752249643AF00109949 /* Assets.xcassets */,
				53697754249643AF00109949 /* LaunchScreen.storyboard */,
				53697757249643AF00109949 /* Info.plist */,
				5369774F249643AD00109949 /* Logger1.xcdatamodeld */,
			);
			path = Logger1;
			sourceTree = "<group>";
		};
		5369775F249643B000109949 /* Logger1Tests */ = {
			isa = PBXGroup;
			children = (
				53697760249643B000109949 /* Logger1Tests.swift */,
				53697762249643B000109949 /* Info.plist */,
			);
			path = Logger1Tests;
			sourceTree = "<group>";
		};
		5369776A249643B000109949 /* Logger1UITests */ = {
			isa = PBXGroup;
			children = (
				5369776B249643B000109949 /* Logger1UITests.swift */,
				5369776D249643B000109949 /* Info.plist */,
			);
			path = Logger1UITests;
			sourceTree = "<group>";
		};
		53697779249643B700109949 /* Classes */ = {
			isa = PBXGroup;
			children = (
				5369777D249643F600109949 /* Core */,
				5369777A249643BC00109949 /* Common */,
			);
			path = Classes;
			sourceTree = "<group>";
		};
		5369777A249643BC00109949 /* Common */ = {
			isa = PBXGroup;
			children = (
				5369777B249643D000109949 /* PrefixLogger.swift */,
			);
			path = Common;
			sourceTree = "<group>";
		};
		5369777D249643F600109949 /* Core */ = {
			isa = PBXGroup;
			children = (
				5369777E249643FD00109949 /* PrefixLoggerImpl.swift */,
			);
			path = Core;
			sourceTree = "<group>";
		};
/* End PBXGroup section */

/* Begin PBXNativeTarget section */
		53697742249643AD00109949 /* Logger1 */ = {
			isa = PBXNativeTarget;
			buildConfigurationList = 53697770249643B000109949 /* Build configuration list for PBXNativeTarget "Logger1" */;
			buildPhases = (
				5369773F249643AD00109949 /* Sources */,
				53697740249643AD00109949 /* Frameworks */,
				53697741249643AD00109949 /* Resources */,
			);
			buildRules = (
			);
			dependencies = (
			);
			name = Logger1;
			productName = Logger1;
			productReference = 53697743249643AD00109949 /* Logger1.app */;
			productType = "com.apple.product-type.application";
		};
		5369775B249643B000109949 /* Logger1Tests */ = {
			isa = PBXNativeTarget;
			buildConfigurationList = 53697773249643B000109949 /* Build configuration list for PBXNativeTarget "Logger1Tests" */;
			buildPhases = (
				53697758249643B000109949 /* Sources */,
				53697759249643B000109949 /* Frameworks */,
				5369775A249643B000109949 /* Resources */,
			);
			buildRules = (
			);
			dependencies = (
				5369775E249643B000109949 /* PBXTargetDependency */,
			);
			name = Logger1Tests;
			productName = Logger1Tests;
			productReference = 5369775C249643B000109949 /* Logger1Tests.xctest */;
			productType = "com.apple.product-type.bundle.unit-test";
		};
		53697766249643B000109949 /* Logger1UITests */ = {
			isa = PBXNativeTarget;
			buildConfigurationList = 53697776249643B000109949 /* Build configuration list for PBXNativeTarget "Logger1UITests" */;
			buildPhases = (
				53697763249643B000109949 /* Sources */,
				53697764249643B000109949 /* Frameworks */,
				53697765249643B000109949 /* Resources */,
			);
			buildRules = (
			);
			dependencies = (
				53697769249643B000109949 /* PBXTargetDependency */,
			);
			name = Logger1UITests;
			productName = Logger1UITests;
			productReference = 53697767249643B000109949 /* Logger1UITests.xctest */;
			productType = "com.apple.product-type.bundle.ui-testing";
		};
/* End PBXNativeTarget section */

/* Begin PBXProject section */
		5369773B249643AD00109949 /* Project object */ = {
			isa = PBXProject;
			attributes = {
				LastSwiftUpdateCheck = 1150;
				LastUpgradeCheck = 1150;
				ORGANIZATIONNAME = "株式会社テクノモバイル";
				TargetAttributes = {
					53697742249643AD00109949 = {
						CreatedOnToolsVersion = 11.5;
					};
					5369775B249643B000109949 = {
						CreatedOnToolsVersion = 11.5;
						TestTargetID = 53697742249643AD00109949;
					};
					53697766249643B000109949 = {
						CreatedOnToolsVersion = 11.5;
						TestTargetID = 53697742249643AD00109949;
					};
				};
			};
			buildConfigurationList = 5369773E249643AD00109949 /* Build configuration list for PBXProject "Logger1" */;
			compatibilityVersion = "Xcode 9.3";
			developmentRegion = en;
			hasScannedForEncodings = 0;
			knownRegions = (
				en,
				Base,
			);
			mainGroup = 5369773A249643AD00109949;
			productRefGroup = 53697744249643AD00109949 /* Products */;
			projectDirPath = "";
			projectRoot = "";
			targets = (
				53697742249643AD00109949 /* Logger1 */,
				5369775B249643B000109949 /* Logger1Tests */,
				53697766249643B000109949 /* Logger1UITests */,
			);
		};
/* End PBXProject section */

/* Begin PBXResourcesBuildPhase section */
		53697741249643AD00109949 /* Resources */ = {
			isa = PBXResourcesBuildPhase;
			buildActionMask = 2147483647;
			files = (
				53697756249643AF00109949 /* LaunchScreen.storyboard in Resources */,
				53697753249643AF00109949 /* Assets.xcassets in Resources */,
				5369774E249643AD00109949 /* Main.storyboard in Resources */,
			);
			runOnlyForDeploymentPostprocessing = 0;
		};
		5369775A249643B000109949 /* Resources */ = {
			isa = PBXResourcesBuildPhase;
			buildActionMask = 2147483647;
			files = (
			);
			runOnlyForDeploymentPostprocessing = 0;
		};
		53697765249643B000109949 /* Resources */ = {
			isa = PBXResourcesBuildPhase;
			buildActionMask = 2147483647;
			files = (
			);
			runOnlyForDeploymentPostprocessing = 0;
		};
/* End PBXResourcesBuildPhase section */

/* Begin PBXSourcesBuildPhase section */
		5369773F249643AD00109949 /* Sources */ = {
			isa = PBXSourcesBuildPhase;
			buildActionMask = 2147483647;
			files = (
				5369774B249643AD00109949 /* ViewController.swift in Sources */,
				5369777F249643FD00109949 /* PrefixLoggerImpl.swift in Sources */,
				53697751249643AD00109949 /* Logger1.xcdatamodeld in Sources */,
				53697747249643AD00109949 /* AppDelegate.swift in Sources */,
				53697749249643AD00109949 /* SceneDelegate.swift in Sources */,
				5369777C249643D000109949 /* PrefixLogger.swift in Sources */,
			);
			runOnlyForDeploymentPostprocessing = 0;
		};
		53697758249643B000109949 /* Sources */ = {
			isa = PBXSourcesBuildPhase;
			buildActionMask = 2147483647;
			files = (
				53697761249643B000109949 /* Logger1Tests.swift in Sources */,
			);
			runOnlyForDeploymentPostprocessing = 0;
		};
		53697763249643B000109949 /* Sources */ = {
			isa = PBXSourcesBuildPhase;
			buildActionMask = 2147483647;
			files = (
				5369776C249643B000109949 /* Logger1UITests.swift in Sources */,
			);
			runOnlyForDeploymentPostprocessing = 0;
		};
/* End PBXSourcesBuildPhase section */

/* Begin PBXTargetDependency section */
		5369775E249643B000109949 /* PBXTargetDependency */ = {
			isa = PBXTargetDependency;
			target = 53697742249643AD00109949 /* Logger1 */;
			targetProxy = 5369775D249643B000109949 /* PBXContainerItemProxy */;
		};
		53697769249643B000109949 /* PBXTargetDependency */ = {
			isa = PBXTargetDependency;
			target = 53697742249643AD00109949 /* Logger1 */;
			targetProxy = 53697768249643B000109949 /* PBXContainerItemProxy */;
		};
/* End PBXTargetDependency section */

/* Begin PBXVariantGroup section */
		5369774C249643AD00109949 /* Main.storyboard */ = {
			isa = PBXVariantGroup;
			children = (
				5369774D249643AD00109949 /* Base */,
			);
			name = Main.storyboard;
			sourceTree = "<group>";
		};
		53697754249643AF00109949 /* LaunchScreen.storyboard */ = {
			isa = PBXVariantGroup;
			children = (
				53697755249643AF00109949 /* Base */,
			);
			name = LaunchScreen.storyboard;
			sourceTree = "<group>";
		};
/* End PBXVariantGroup section */

/* Begin XCBuildConfiguration section */
		5369776E249643B000109949 /* Debug */ = {
			isa = XCBuildConfiguration;
			buildSettings = {
				ALWAYS_SEARCH_USER_PATHS = NO;
				CLANG_ANALYZER_NONNULL = YES;
				CLANG_ANALYZER_NUMBER_OBJECT_CONVERSION = YES_AGGRESSIVE;
				CLANG_CXX_LANGUAGE_STANDARD = "gnu++14";
				CLANG_CXX_LIBRARY = "libc++";
				CLANG_ENABLE_MODULES = YES;
				CLANG_ENABLE_OBJC_ARC = YES;
				CLANG_ENABLE_OBJC_WEAK = YES;
				CLANG_WARN_BLOCK_CAPTURE_AUTORELEASING = YES;
				CLANG_WARN_BOOL_CONVERSION = YES;
				CLANG_WARN_COMMA = YES;
				CLANG_WARN_CONSTANT_CONVERSION = YES;
				CLANG_WARN_DEPRECATED_OBJC_IMPLEMENTATIONS = YES;
				CLANG_WARN_DIRECT_OBJC_ISA_USAGE = YES_ERROR;
				CLANG_WARN_DOCUMENTATION_COMMENTS = YES;
				CLANG_WARN_EMPTY_BODY = YES;
				CLANG_WARN_ENUM_CONVERSION = YES;
				CLANG_WARN_INFINITE_RECURSION = YES;
				CLANG_WARN_INT_CONVERSION = YES;
				CLANG_WARN_NON_LITERAL_NULL_CONVERSION = YES;
				CLANG_WARN_OBJC_IMPLICIT_RETAIN_SELF = YES;
				CLANG_WARN_OBJC_LITERAL_CONVERSION = YES;
				CLANG_WARN_OBJC_ROOT_CLASS = YES_ERROR;
				CLANG_WARN_RANGE_LOOP_ANALYSIS = YES;
				CLANG_WARN_STRICT_PROTOTYPES = YES;
				CLANG_WARN_SUSPICIOUS_MOVE = YES;
				CLANG_WARN_UNGUARDED_AVAILABILITY = YES_AGGRESSIVE;
				CLANG_WARN_UNREACHABLE_CODE = YES;
				CLANG_WARN__DUPLICATE_METHOD_MATCH = YES;
				COPY_PHASE_STRIP = NO;
				DEBUG_INFORMATION_FORMAT = dwarf;
				ENABLE_STRICT_OBJC_MSGSEND = YES;
				ENABLE_TESTABILITY = YES;
				GCC_C_LANGUAGE_STANDARD = gnu11;
				GCC_DYNAMIC_NO_PIC = NO;
				GCC_NO_COMMON_BLOCKS = YES;
				GCC_OPTIMIZATION_LEVEL = 0;
				GCC_PREPROCESSOR_DEFINITIONS = (
					"DEBUG=1",
					"$(inherited)",
				);
				GCC_WARN_64_TO_32_BIT_CONVERSION = YES;
				GCC_WARN_ABOUT_RETURN_TYPE = YES_ERROR;
				GCC_WARN_UNDECLARED_SELECTOR = YES;
				GCC_WARN_UNINITIALIZED_AUTOS = YES_AGGRESSIVE;
				GCC_WARN_UNUSED_FUNCTION = YES;
				GCC_WARN_UNUSED_VARIABLE = YES;
				IPHONEOS_DEPLOYMENT_TARGET = 13.5;
				MTL_ENABLE_DEBUG_INFO = INCLUDE_SOURCE;
				MTL_FAST_MATH = YES;
				ONLY_ACTIVE_ARCH = YES;
				SDKROOT = iphoneos;
				SWIFT_ACTIVE_COMPILATION_CONDITIONS = DEBUG;
				SWIFT_OPTIMIZATION_LEVEL = "-Onone";
			};
			name = Debug;
		};
		5369776F249643B000109949 /* Release */ = {
			isa = XCBuildConfiguration;
			buildSettings = {
				ALWAYS_SEARCH_USER_PATHS = NO;
				CLANG_ANALYZER_NONNULL = YES;
				CLANG_ANALYZER_NUMBER_OBJECT_CONVERSION = YES_AGGRESSIVE;
				CLANG_CXX_LANGUAGE_STANDARD = "gnu++14";
				CLANG_CXX_LIBRARY = "libc++";
				CLANG_ENABLE_MODULES = YES;
				CLANG_ENABLE_OBJC_ARC = YES;
				CLANG_ENABLE_OBJC_WEAK = YES;
				CLANG_WARN_BLOCK_CAPTURE_AUTORELEASING = YES;
				CLANG_WARN_BOOL_CONVERSION = YES;
				CLANG_WARN_COMMA = YES;
				CLANG_WARN_CONSTANT_CONVERSION = YES;
				CLANG_WARN_DEPRECATED_OBJC_IMPLEMENTATIONS = YES;
				CLANG_WARN_DIRECT_OBJC_ISA_USAGE = YES_ERROR;
				CLANG_WARN_DOCUMENTATION_COMMENTS = YES;
				CLANG_WARN_EMPTY_BODY = YES;
				CLANG_WARN_ENUM_CONVERSION = YES;
				CLANG_WARN_INFINITE_RECURSION = YES;
				CLANG_WARN_INT_CONVERSION = YES;
				CLANG_WARN_NON_LITERAL_NULL_CONVERSION = YES;
				CLANG_WARN_OBJC_IMPLICIT_RETAIN_SELF = YES;
				CLANG_WARN_OBJC_LITERAL_CONVERSION = YES;
				CLANG_WARN_OBJC_ROOT_CLASS = YES_ERROR;
				CLANG_WARN_RANGE_LOOP_ANALYSIS = YES;
				CLANG_WARN_STRICT_PROTOTYPES = YES;
				CLANG_WARN_SUSPICIOUS_MOVE = YES;
				CLANG_WARN_UNGUARDED_AVAILABILITY = YES_AGGRESSIVE;
				CLANG_WARN_UNREACHABLE_CODE = YES;
				CLANG_WARN__DUPLICATE_METHOD_MATCH = YES;
				COPY_PHASE_STRIP = NO;
				DEBUG_INFORMATION_FORMAT = "dwarf-with-dsym";
				ENABLE_NS_ASSERTIONS = NO;
				ENABLE_STRICT_OBJC_MSGSEND = YES;
				GCC_C_LANGUAGE_STANDARD = gnu11;
				GCC_NO_COMMON_BLOCKS = YES;
				GCC_WARN_64_TO_32_BIT_CONVERSION = YES;
				GCC_WARN_ABOUT_RETURN_TYPE = YES_ERROR;
				GCC_WARN_UNDECLARED_SELECTOR = YES;
				GCC_WARN_UNINITIALIZED_AUTOS = YES_AGGRESSIVE;
				GCC_WARN_UNUSED_FUNCTION = YES;
				GCC_WARN_UNUSED_VARIABLE = YES;
				IPHONEOS_DEPLOYMENT_TARGET = 13.5;
				MTL_ENABLE_DEBUG_INFO = NO;
				MTL_FAST_MATH = YES;
				SDKROOT = iphoneos;
				SWIFT_COMPILATION_MODE = wholemodule;
				SWIFT_OPTIMIZATION_LEVEL = "-O";
				VALIDATE_PRODUCT = YES;
			};
			name = Release;
		};
		53697771249643B000109949 /* Debug */ = {
			isa = XCBuildConfiguration;
			buildSettings = {
				ASSETCATALOG_COMPILER_APPICON_NAME = AppIcon;
				CODE_SIGN_STYLE = Automatic;
				INFOPLIST_FILE = Logger1/Info.plist;
				LD_RUNPATH_SEARCH_PATHS = (
					"$(inherited)",
					"@executable_path/Frameworks",
				);
				PRODUCT_BUNDLE_IDENTIFIER = jp.tcmobile.Logger1;
				PRODUCT_NAME = "$(TARGET_NAME)";
				SWIFT_VERSION = 5.0;
				TARGETED_DEVICE_FAMILY = "1,2";
			};
			name = Debug;
		};
		53697772249643B000109949 /* Release */ = {
			isa = XCBuildConfiguration;
			buildSettings = {
				ASSETCATALOG_COMPILER_APPICON_NAME = AppIcon;
				CODE_SIGN_STYLE = Automatic;
				INFOPLIST_FILE = Logger1/Info.plist;
				LD_RUNPATH_SEARCH_PATHS = (
					"$(inherited)",
					"@executable_path/Frameworks",
				);
				PRODUCT_BUNDLE_IDENTIFIER = jp.tcmobile.Logger1;
				PRODUCT_NAME = "$(TARGET_NAME)";
				SWIFT_VERSION = 5.0;
				TARGETED_DEVICE_FAMILY = "1,2";
			};
			name = Release;
		};
		53697774249643B000109949 /* Debug */ = {
			isa = XCBuildConfiguration;
			buildSettings = {
				ALWAYS_EMBED_SWIFT_STANDARD_LIBRARIES = YES;
				BUNDLE_LOADER = "$(TEST_HOST)";
				CODE_SIGN_STYLE = Automatic;
				INFOPLIST_FILE = Logger1Tests/Info.plist;
				IPHONEOS_DEPLOYMENT_TARGET = 13.5;
				LD_RUNPATH_SEARCH_PATHS = (
					"$(inherited)",
					"@executable_path/Frameworks",
					"@loader_path/Frameworks",
				);
				PRODUCT_BUNDLE_IDENTIFIER = jp.tcmobile.Logger1Tests;
				PRODUCT_NAME = "$(TARGET_NAME)";
				SWIFT_VERSION = 5.0;
				TARGETED_DEVICE_FAMILY = "1,2";
				TEST_HOST = "$(BUILT_PRODUCTS_DIR)/Logger1.app/Logger1";
			};
			name = Debug;
		};
		53697775249643B000109949 /* Release */ = {
			isa = XCBuildConfiguration;
			buildSettings = {
				ALWAYS_EMBED_SWIFT_STANDARD_LIBRARIES = YES;
				BUNDLE_LOADER = "$(TEST_HOST)";
				CODE_SIGN_STYLE = Automatic;
				INFOPLIST_FILE = Logger1Tests/Info.plist;
				IPHONEOS_DEPLOYMENT_TARGET = 13.5;
				LD_RUNPATH_SEARCH_PATHS = (
					"$(inherited)",
					"@executable_path/Frameworks",
					"@loader_path/Frameworks",
				);
				PRODUCT_BUNDLE_IDENTIFIER = jp.tcmobile.Logger1Tests;
				PRODUCT_NAME = "$(TARGET_NAME)";
				SWIFT_VERSION = 5.0;
				TARGETED_DEVICE_FAMILY = "1,2";
				TEST_HOST = "$(BUILT_PRODUCTS_DIR)/Logger1.app/Logger1";
			};
			name = Release;
		};
		53697777249643B000109949 /* Debug */ = {
			isa = XCBuildConfiguration;
			buildSettings = {
				ALWAYS_EMBED_SWIFT_STANDARD_LIBRARIES = YES;
				CODE_SIGN_STYLE = Automatic;
				INFOPLIST_FILE = Logger1UITests/Info.plist;
				LD_RUNPATH_SEARCH_PATHS = (
					"$(inherited)",
					"@executable_path/Frameworks",
					"@loader_path/Frameworks",
				);
				PRODUCT_BUNDLE_IDENTIFIER = jp.tcmobile.Logger1UITests;
				PRODUCT_NAME = "$(TARGET_NAME)";
				SWIFT_VERSION = 5.0;
				TARGETED_DEVICE_FAMILY = "1,2";
				TEST_TARGET_NAME = Logger1;
			};
			name = Debug;
		};
		53697778249643B000109949 /* Release */ = {
			isa = XCBuildConfiguration;
			buildSettings = {
				ALWAYS_EMBED_SWIFT_STANDARD_LIBRARIES = YES;
				CODE_SIGN_STYLE = Automatic;
				INFOPLIST_FILE = Logger1UITests/Info.plist;
				LD_RUNPATH_SEARCH_PATHS = (
					"$(inherited)",
					"@executable_path/Frameworks",
					"@loader_path/Frameworks",
				);
				PRODUCT_BUNDLE_IDENTIFIER = jp.tcmobile.Logger1UITests;
				PRODUCT_NAME = "$(TARGET_NAME)";
				SWIFT_VERSION = 5.0;
				TARGETED_DEVICE_FAMILY = "1,2";
				TEST_TARGET_NAME = Logger1;
			};
			name = Release;
		};
/* End XCBuildConfiguration section */

/* Begin XCConfigurationList section */
		5369773E249643AD00109949 /* Build configuration list for PBXProject "Logger1" */ = {
			isa = XCConfigurationList;
			buildConfigurations = (
				5369776E249643B000109949 /* Debug */,
				5369776F249643B000109949 /* Release */,
			);
			defaultConfigurationIsVisible = 0;
			defaultConfigurationName = Release;
		};
		53697770249643B000109949 /* Build configuration list for PBXNativeTarget "Logger1" */ = {
			isa = XCConfigurationList;
			buildConfigurations = (
				53697771249643B000109949 /* Debug */,
				53697772249643B000109949 /* Release */,
			);
			defaultConfigurationIsVisible = 0;
			defaultConfigurationName = Release;
		};
		53697773249643B000109949 /* Build configuration list for PBXNativeTarget "Logger1Tests" */ = {
			isa = XCConfigurationList;
			buildConfigurations = (
				53697774249643B000109949 /* Debug */,
				53697775249643B000109949 /* Release */,
			);
			defaultConfigurationIsVisible = 0;
			defaultConfigurationName = Release;
		};
		53697776249643B000109949 /* Build configuration list for PBXNativeTarget "Logger1UITests" */ = {
			isa = XCConfigurationList;
			buildConfigurations = (
				53697777249643B000109949 /* Debug */,
				53697778249643B000109949 /* Release */,
			);
			defaultConfigurationIsVisible = 0;
			defaultConfigurationName = Release;
		};
/* End XCConfigurationList section */

/* Begin XCVersionGroup section */
		5369774F249643AD00109949 /* Logger1.xcdatamodeld */ = {
			isa = XCVersionGroup;
			children = (
				53697750249643AD00109949 /* Logger1.xcdatamodel */,
			);
			currentVersion = 53697750249643AD00109949 /* Logger1.xcdatamodel */;
			path = Logger1.xcdatamodeld;
			sourceTree = "<group>";
			versionGroupType = wrapper.xcdatamodel;
		};
/* End XCVersionGroup section */
	};
	rootObject = 5369773B249643AD00109949 /* Project object */;
}
